// !$*UTF8*$!
{
	archiveVersion = 1;
	classes = {
	};
	objectVersion = 46;
	objects = {

/* Begin PBXBuildFile section */
		FFF0C3612C556DE600D82251 /* AppDelegate.swift in Sources */ = {isa = PBXBuildFile; fileRef = FFF0C3602C556DE600D82251 /* AppDelegate.swift */; };
		FFF0C3632C556DE600D82251 /* ViewController.swift in Sources */ = {isa = PBXBuildFile; fileRef = FFF0C3622C556DE600D82251 /* ViewController.swift */; };
		FFF0C3662C556DE600D82251 /* Main.storyboard in Resources */ = {isa = PBXBuildFile; fileRef = FFF0C3642C556DE600D82251 /* Main.storyboard */; };
		FFF0C3692C556DE600D82251 /* MTerm.xcdatamodeld in Sources */ = {isa = PBXBuildFile; fileRef = FFF0C3672C556DE600D82251 /* MTerm.xcdatamodeld */; };
		FFF0C36B2C556DE600D82251 /* Assets.xcassets in Resources */ = {isa = PBXBuildFile; fileRef = FFF0C36A2C556DE600D82251 /* Assets.xcassets */; };
		FFF0C36E2C556DE600D82251 /* LaunchScreen.storyboard in Resources */ = {isa = PBXBuildFile; fileRef = FFF0C36C2C556DE600D82251 /* LaunchScreen.storyboard */; };
/* End PBXBuildFile section */

/* Begin PBXFileReference section */
		FFF0C35D2C556DE600D82251 /* MTerm.app */ = {isa = PBXFileReference; explicitFileType = wrapper.application; includeInIndex = 0; path = MTerm.app; sourceTree = BUILT_PRODUCTS_DIR; };
		FFF0C3602C556DE600D82251 /* AppDelegate.swift */ = {isa = PBXFileReference; lastKnownFileType = sourcecode.swift; path = AppDelegate.swift; sourceTree = "<group>"; };
		FFF0C3622C556DE600D82251 /* ViewController.swift */ = {isa = PBXFileReference; lastKnownFileType = sourcecode.swift; path = ViewController.swift; sourceTree = "<group>"; };
		FFF0C3652C556DE600D82251 /* Base */ = {isa = PBXFileReference; lastKnownFileType = file.storyboard; name = Base; path = Base.lproj/Main.storyboard; sourceTree = "<group>"; };
		FFF0C3682C556DE600D82251 /* MTerm.xcdatamodel */ = {isa = PBXFileReference; lastKnownFileType = wrapper.xcdatamodel; path = MTerm.xcdatamodel; sourceTree = "<group>"; };
		FFF0C36A2C556DE600D82251 /* Assets.xcassets */ = {isa = PBXFileReference; lastKnownFileType = folder.assetcatalog; path = Assets.xcassets; sourceTree = "<group>"; };
		FFF0C36D2C556DE600D82251 /* Base */ = {isa = PBXFileReference; lastKnownFileType = file.storyboard; name = Base; path = Base.lproj/LaunchScreen.storyboard; sourceTree = "<group>"; };
		FFF0C36F2C556DE600D82251 /* Info.plist */ = {isa = PBXFileReference; lastKnownFileType = text.plist.xml; path = Info.plist; sourceTree = "<group>"; };
/* End PBXFileReference section */

/* Begin PBXFrameworksBuildPhase section */
		FFF0C35A2C556DE600D82251 /* Frameworks */ = {
			isa = PBXFrameworksBuildPhase;
			buildActionMask = 2147483647;
			files = (
			);
			runOnlyForDeploymentPostprocessing = 0;
		};
/* End PBXFrameworksBuildPhase section */

/* Begin PBXGroup section */
		FFF0C3542C556DE600D82251 = {
			isa = PBXGroup;
			children = (
				FFF0C35F2C556DE600D82251 /* MTerm */,
				FFF0C35E2C556DE600D82251 /* Products */,
			);
			sourceTree = "<group>";
		};
		FFF0C35E2C556DE600D82251 /* Products */ = {
			isa = PBXGroup;
			children = (
				FFF0C35D2C556DE600D82251 /* MTerm.app */,
			);
			name = Products;
			sourceTree = "<group>";
		};
		FFF0C35F2C556DE600D82251 /* MTerm */ = {
			isa = PBXGroup;
			children = (
				FFF0C3602C556DE600D82251 /* AppDelegate.swift */,
				FFF0C3622C556DE600D82251 /* ViewController.swift */,
				FFF0C3642C556DE600D82251 /* Main.storyboard */,
				FFF0C36A2C556DE600D82251 /* Assets.xcassets */,
				FFF0C36C2C556DE600D82251 /* LaunchScreen.storyboard */,
				FFF0C36F2C556DE600D82251 /* Info.plist */,
				FFF0C3672C556DE600D82251 /* MTerm.xcdatamodeld */,
			);
			path = MTerm;
			sourceTree = "<group>";
		};
/* End PBXGroup section */

/* Begin PBXNativeTarget section */
		FFF0C35C2C556DE600D82251 /* MTerm */ = {
			isa = PBXNativeTarget;
			buildConfigurationList = FFF0C3722C556DE600D82251 /* Build configuration list for PBXNativeTarget "MTerm" */;
			buildPhases = (
				FFF0C3592C556DE600D82251 /* Sources */,
				FFF0C35A2C556DE600D82251 /* Frameworks */,
				FFF0C35B2C556DE600D82251 /* Resources */,
			);
			buildRules = (
			);
			dependencies = (
			);
			name = MTerm;
			productName = MTerm;
			productReference = FFF0C35D2C556DE600D82251 /* MTerm.app */;
			productType = "com.apple.product-type.application";
		};
/* End PBXNativeTarget section */

/* Begin PBXProject section */
		FFF0C3552C556DE600D82251 /* Project object */ = {
			isa = PBXProject;
			attributes = {
				LastSwiftUpdateCheck = 0710;
				LastUpgradeCheck = 0710;
				ORGANIZATIONNAME = "Chawan Saeed";
				TargetAttributes = {
					FFF0C35C2C556DE600D82251 = {
						CreatedOnToolsVersion = 7.1;
					};
				};
			};
			buildConfigurationList = FFF0C3582C556DE600D82251 /* Build configuration list for PBXProject "MTerm" */;
			compatibilityVersion = "Xcode 3.2";
			developmentRegion = English;
			hasScannedForEncodings = 0;
			knownRegions = (
				en,
				Base,
			);
			mainGroup = FFF0C3542C556DE600D82251;
			productRefGroup = FFF0C35E2C556DE600D82251 /* Products */;
			projectDirPath = "";
			projectRoot = "";
			targets = (
				FFF0C35C2C556DE600D82251 /* MTerm */,
			);
		};
/* End PBXProject section */

/* Begin PBXResourcesBuildPhase section */
		FFF0C35B2C556DE600D82251 /* Resources */ = {
			isa = PBXResourcesBuildPhase;
			buildActionMask = 2147483647;
			files = (
				FFF0C36E2C556DE600D82251 /* LaunchScreen.storyboard in Resources */,
				FFF0C36B2C556DE600D82251 /* Assets.xcassets in Resources */,
				FFF0C3662C556DE600D82251 /* Main.storyboard in Resources */,
			);
			runOnlyForDeploymentPostprocessing = 0;
		};
/* End PBXResourcesBuildPhase section */

/* Begin PBXSourcesBuildPhase section */
		FFF0C3592C556DE600D82251 /* Sources */ = {
			isa = PBXSourcesBuildPhase;
			buildActionMask = 2147483647;
			files = (
				FFF0C3692C556DE600D82251 /* MTerm.xcdatamodeld in Sources */,
				FFF0C3632C556DE600D82251 /* ViewController.swift in Sources */,
				FFF0C3612C556DE600D82251 /* AppDelegate.swift in Sources */,
			);
			runOnlyForDeploymentPostprocessing = 0;
		};
/* End PBXSourcesBuildPhase section */

/* Begin PBXVariantGroup section */
		FFF0C3642C556DE600D82251 /* Main.storyboard */ = {
			isa = PBXVariantGroup;
			children = (
				FFF0C3652C556DE600D82251 /* Base */,
			);
			name = Main.storyboard;
			sourceTree = "<group>";
		};
		FFF0C36C2C556DE600D82251 /* LaunchScreen.storyboard */ = {
			isa = PBXVariantGroup;
			children = (
				FFF0C36D2C556DE600D82251 /* Base */,
			);
			name = LaunchScreen.storyboard;
			sourceTree = "<group>";
		};
/* End PBXVariantGroup section */

/* Begin XCBuildConfiguration section */
		FFF0C3702C556DE600D82251 /* Debug */ = {
			isa = XCBuildConfiguration;
			buildSettings = {
				ALWAYS_SEARCH_USER_PATHS = NO;
				CLANG_CXX_LANGUAGE_STANDARD = "gnu++0x";
				CLANG_CXX_LIBRARY = "libc++";
				CLANG_ENABLE_MODULES = YES;
				CLANG_ENABLE_OBJC_ARC = YES;
				CLANG_WARN_BOOL_CONVERSION = YES;
				CLANG_WARN_CONSTANT_CONVERSION = YES;
				CLANG_WARN_DIRECT_OBJC_ISA_USAGE = YES_ERROR;
				CLANG_WARN_EMPTY_BODY = YES;
				CLANG_WARN_ENUM_CONVERSION = YES;
				CLANG_WARN_INT_CONVERSION = YES;
				CLANG_WARN_OBJC_ROOT_CLASS = YES_ERROR;
				CLANG_WARN_UNREACHABLE_CODE = YES;
				CLANG_WARN__DUPLICATE_METHOD_MATCH = YES;
				"CODE_SIGN_IDENTITY[sdk=iphoneos*]" = "iPhone Developer";
				COPY_PHASE_STRIP = NO;
				DEBUG_INFORMATION_FORMAT = dwarf;
				ENABLE_STRICT_OBJC_MSGSEND = YES;
				ENABLE_TESTABILITY = YES;
				GCC_C_LANGUAGE_STANDARD = gnu99;
				GCC_DYNAMIC_NO_PIC = NO;
				GCC_NO_COMMON_BLOCKS = YES;
				GCC_OPTIMIZATION_LEVEL = 0;
				GCC_PREPROCESSOR_DEFINITIONS = (
					"DEBUG=1",
					"$(inherited)",
				);
				GCC_WARN_64_TO_32_BIT_CONVERSION = YES;
				GCC_WARN_ABOUT_RETURN_TYPE = YES_ERROR;
				GCC_WARN_UNDECLARED_SELECTOR = YES;
				GCC_WARN_UNINITIALIZED_AUTOS = YES_AGGRESSIVE;
				GCC_WARN_UNUSED_FUNCTION = YES;
				GCC_WARN_UNUSED_VARIABLE = YES;
				IPHONEOS_DEPLOYMENT_TARGET = 9.1;
				MTL_ENABLE_DEBUG_INFO = YES;
				ONLY_ACTIVE_ARCH = YES;
				SDKROOT = iphoneos;
				SWIFT_OPTIMIZATION_LEVEL = "-Onone";
				TARGETED_DEVICE_FAMILY = "1,2";
			};
			name = Debug;
		};
		FFF0C3712C556DE600D82251 /* Release */ = {
			isa = XCBuildConfiguration;
			buildSettings = {
				ALWAYS_SEARCH_USER_PATHS = NO;
				CLANG_CXX_LANGUAGE_STANDARD = "gnu++0x";
				CLANG_CXX_LIBRARY = "libc++";
				CLANG_ENABLE_MODULES = YES;
				CLANG_ENABLE_OBJC_ARC = YES;
				CLANG_WARN_BOOL_CONVERSION = YES;
				CLANG_WARN_CONSTANT_CONVERSION = YES;
				CLANG_WARN_DIRECT_OBJC_ISA_USAGE = YES_ERROR;
				CLANG_WARN_EMPTY_BODY = YES;
				CLANG_WARN_ENUM_CONVERSION = YES;
				CLANG_WARN_INT_CONVERSION = YES;
				CLANG_WARN_OBJC_ROOT_CLASS = YES_ERROR;
				CLANG_WARN_UNREACHABLE_CODE = YES;
				CLANG_WARN__DUPLICATE_METHOD_MATCH = YES;
				"CODE_SIGN_IDENTITY[sdk=iphoneos*]" = "iPhone Developer";
				COPY_PHASE_STRIP = NO;
				DEBUG_INFORMATION_FORMAT = "dwarf-with-dsym";
				ENABLE_NS_ASSERTIONS = NO;
				ENABLE_STRICT_OBJC_MSGSEND = YES;
				GCC_C_LANGUAGE_STANDARD = gnu99;
				GCC_NO_COMMON_BLOCKS = YES;
				GCC_WARN_64_TO_32_BIT_CONVERSION = YES;
				GCC_WARN_ABOUT_RETURN_TYPE = YES_ERROR;
				GCC_WARN_UNDECLARED_SELECTOR = YES;
				GCC_WARN_UNINITIALIZED_AUTOS = YES_AGGRESSIVE;
				GCC_WARN_UNUSED_FUNCTION = YES;
				GCC_WARN_UNUSED_VARIABLE = YES;
				IPHONEOS_DEPLOYMENT_TARGET = 9.1;
				MTL_ENABLE_DEBUG_INFO = NO;
				SDKROOT = iphoneos;
				TARGETED_DEVICE_FAMILY = "1,2";
				VALIDATE_PRODUCT = YES;
			};
			name = Release;
		};
		FFF0C3732C556DE600D82251 /* Debug */ = {
			isa = XCBuildConfiguration;
			buildSettings = {
				ASSETCATALOG_COMPILER_APPICON_NAME = AppIcon;
				INFOPLIST_FILE = MTerm/Info.plist;
				LD_RUNPATH_SEARCH_PATHS = "$(inherited) @executable_path/Frameworks";
				PRODUCT_BUNDLE_IDENTIFIER = chawan.saeed.MTerm;
				PRODUCT_NAME = "$(TARGET_NAME)";
			};
			name = Debug;
		};
		FFF0C3742C556DE600D82251 /* Release */ = {
			isa = XCBuildConfiguration;
			buildSettings = {
				ASSETCATALOG_COMPILER_APPICON_NAME = AppIcon;
				INFOPLIST_FILE = MTerm/Info.plist;
				LD_RUNPATH_SEARCH_PATHS = "$(inherited) @executable_path/Frameworks";
				PRODUCT_BUNDLE_IDENTIFIER = chawan.saeed.MTerm;
				PRODUCT_NAME = "$(TARGET_NAME)";
			};
			name = Release;
		};
/* End XCBuildConfiguration section */

/* Begin XCConfigurationList section */
		FFF0C3582C556DE600D82251 /* Build configuration list for PBXProject "MTerm" */ = {
			isa = XCConfigurationList;
			buildConfigurations = (
				FFF0C3702C556DE600D82251 /* Debug */,
				FFF0C3712C556DE600D82251 /* Release */,
			);
			defaultConfigurationIsVisible = 0;
			defaultConfigurationName = Release;
		};
		FFF0C3722C556DE600D82251 /* Build configuration list for PBXNativeTarget "MTerm" */ = {
			isa = XCConfigurationList;
			buildConfigurations = (
				FFF0C3732C556DE600D82251 /* Debug */,
				FFF0C3742C556DE600D82251 /* Release */,
			);
			defaultConfigurationIsVisible = 0;
		};
/* End XCConfigurationList section */

/* Begin XCVersionGroup section */
		FFF0C3672C556DE600D82251 /* MTerm.xcdatamodeld */ = {
			isa = XCVersionGroup;
			children = (
				FFF0C3682C556DE600D82251 /* MTerm.xcdatamodel */,
			);
			currentVersion = FFF0C3682C556DE600D82251 /* MTerm.xcdatamodel */;
			path = MTerm.xcdatamodeld;
			sourceTree = "<group>";
			versionGroupType = wrapper.xcdatamodel;
		};
/* End XCVersionGroup section */
	};
	rootObject = FFF0C3552C556DE600D82251 /* Project object */;
}
